
Microsoft Visual Studio Solution File, Format Version 12.00
# Visual Studio Version 17
VisualStudioVersion = 17.5.33424.131
MinimumVisualStudioVersion = 10.0.40219.1
Project("{9A19103F-16F7-4668-BE54-9A1E7A4F7556}") = "Homework_18_Patterns", "Homework_18_Patterns\Homework_18_Patterns.csproj", "{4FC1D83F-7BFB-472E-936E-FAB903518488}"
EndProject
Project("{FAE04EC0-301F-11D3-BF4B-00C04F79EFBC}") = "Homework_18_Patterns_Console", "Test\Homework_18_Patterns_Console\Homework_18_Patterns_Console.csproj", "{2E463D5D-0138-4C74-AC06-CD2BB275292E}"
EndProject
Project("{FAE04EC0-301F-11D3-BF4B-00C04F79EFBC}") = "Homework_18_Patterns_WpfTest", "Test\Homework_18_Patterns_WpfTest\Homework_18_Patterns_WpfTest.csproj", "{5C27F95A-BF6D-43D6-8D5F-F53D5F973938}"
EndProject
Global
	GlobalSection(SolutionConfigurationPlatforms) = preSolution
		Debug|Any CPU = Debug|Any CPU
		Release|Any CPU = Release|Any CPU
	EndGlobalSection
	GlobalSection(ProjectConfigurationPlatforms) = postSolution
		{4FC1D83F-7BFB-472E-936E-FAB903518488}.Debug|Any CPU.ActiveCfg = Debug|Any CPU
		{4FC1D83F-7BFB-472E-936E-FAB903518488}.Debug|Any CPU.Build.0 = Debug|Any CPU
		{4FC1D83F-7BFB-472E-936E-FAB903518488}.Release|Any CPU.ActiveCfg = Release|Any CPU
		{4FC1D83F-7BFB-472E-936E-FAB903518488}.Release|Any CPU.Build.0 = Release|Any CPU
		{2E463D5D-0138-4C74-AC06-CD2BB275292E}.Debug|Any CPU.ActiveCfg = Debug|Any CPU
		{2E463D5D-0138-4C74-AC06-CD2BB275292E}.Debug|Any CPU.Build.0 = Debug|Any CPU
		{2E463D5D-0138-4C74-AC06-CD2BB275292E}.Release|Any CPU.ActiveCfg = Release|Any CPU
		{2E463D5D-0138-4C74-AC06-CD2BB275292E}.Release|Any CPU.Build.0 = Release|Any CPU
		{5C27F95A-BF6D-43D6-8D5F-F53D5F973938}.Debug|Any CPU.ActiveCfg = Debug|Any CPU
		{5C27F95A-BF6D-43D6-8D5F-F53D5F973938}.Debug|Any CPU.Build.0 = Debug|Any CPU
		{5C27F95A-BF6D-43D6-8D5F-F53D5F973938}.Release|Any CPU.ActiveCfg = Release|Any CPU
		{5C27F95A-BF6D-43D6-8D5F-F53D5F973938}.Release|Any CPU.Build.0 = Release|Any CPU
	EndGlobalSection
	GlobalSection(SolutionProperties) = preSolution
		HideSolutionNode = FALSE
	EndGlobalSection
	GlobalSection(ExtensibilityGlobals) = postSolution
		SolutionGuid = {C28B076D-631F-4C21-A33E-A04234318711}
	EndGlobalSection
EndGlobal
